
Microsoft Visual Studio Solution File, Format Version 12.00
# Visual Studio 2012
Project("{FAE04EC0-301F-11D3-BF4B-00C04F79EFBC}") = "prjSinaleiro", "prjSinaleiro\prjSinaleiro.csproj", "{987DF287-AF17-47F4-B8C8-E9EA09352E99}"
EndProject
Global
	GlobalSection(SolutionConfigurationPlatforms) = preSolution
		Debug|Any CPU = Debug|Any CPU
		Release|Any CPU = Release|Any CPU
	EndGlobalSection
	GlobalSection(ProjectConfigurationPlatforms) = postSolution
		{987DF287-AF17-47F4-B8C8-E9EA09352E99}.Debug|Any CPU.ActiveCfg = Debug|Any CPU
		{987DF287-AF17-47F4-B8C8-E9EA09352E99}.Debug|Any CPU.Build.0 = Debug|Any CPU
		{987DF287-AF17-47F4-B8C8-E9EA09352E99}.Release|Any CPU.ActiveCfg = Release|Any CPU
		{987DF287-AF17-47F4-B8C8-E9EA09352E99}.Release|Any CPU.Build.0 = Release|Any CPU
	EndGlobalSection
	GlobalSection(SolutionProperties) = preSolution
		HideSolutionNode = FALSE
	EndGlobalSection
EndGlobal
